Microsoft Visual Studio Solution File, Format Version 12.00
# Visual Studio Version 17
VisualStudioVersion = 17.5.2.0
MinimumVisualStudioVersion = 10.0.40219.1
Project("{FAE04EC0-301F-11D3-BF4B-00C04F79EFBC}") = "Szem1", "Szem1.csproj", "{4FE190D5-BFC0-39B0-3168-0535AB0268DE}"
EndProject
Global
	GlobalSection(SolutionConfigurationPlatforms) = preSolution
		Debug|Any CPU = Debug|Any CPU
		Release|Any CPU = Release|Any CPU
	EndGlobalSection
	GlobalSection(ProjectConfigurationPlatforms) = postSolution
		{4FE190D5-BFC0-39B0-3168-0535AB0268DE}.Debug|Any CPU.ActiveCfg = Debug|Any CPU
		{4FE190D5-BFC0-39B0-3168-0535AB0268DE}.Debug|Any CPU.Build.0 = Debug|Any CPU
		{4FE190D5-BFC0-39B0-3168-0535AB0268DE}.Release|Any CPU.ActiveCfg = Release|Any CPU
		{4FE190D5-BFC0-39B0-3168-0535AB0268DE}.Release|Any CPU.Build.0 = Release|Any CPU
	EndGlobalSection
	GlobalSection(SolutionProperties) = preSolution
		HideSolutionNode = FALSE
	EndGlobalSection
	GlobalSection(ExtensibilityGlobals) = postSolution
		SolutionGuid = {ADCCBF73-6832-47B3-801F-C5450D6605BD}
	EndGlobalSection
EndGlobal
